
Microsoft Visual Studio Solution File, Format Version 12.00
# Visual Studio Version 17
VisualStudioVersion = 17.12.35514.174 d17.12
MinimumVisualStudioVersion = 10.0.40219.1
Project("{FAE04EC0-301F-11D3-BF4B-00C04F79EFBC}") = "Presentation", "Presentation\Presentation.csproj", "{BBCC42EF-BF95-4FA3-9580-7C00A7BCE369}"
EndProject
Project("{FAE04EC0-301F-11D3-BF4B-00C04F79EFBC}") = "Business", "Business\Business.csproj", "{BCE281F2-D21A-435E-8B72-C32AAD3EA852}"
EndProject
Project("{FAE04EC0-301F-11D3-BF4B-00C04F79EFBC}") = "Data", "Data\Data.csproj", "{0F690D10-BF00-442E-83B7-02B4E8B52792}"
EndProject
Global
	GlobalSection(SolutionConfigurationPlatforms) = preSolution
		Debug|Any CPU = Debug|Any CPU
		Release|Any CPU = Release|Any CPU
	EndGlobalSection
	GlobalSection(ProjectConfigurationPlatforms) = postSolution
		{BBCC42EF-BF95-4FA3-9580-7C00A7BCE369}.Debug|Any CPU.ActiveCfg = Debug|Any CPU
		{BBCC42EF-BF95-4FA3-9580-7C00A7BCE369}.Debug|Any CPU.Build.0 = Debug|Any CPU
		{BBCC42EF-BF95-4FA3-9580-7C00A7BCE369}.Release|Any CPU.ActiveCfg = Release|Any CPU
		{BBCC42EF-BF95-4FA3-9580-7C00A7BCE369}.Release|Any CPU.Build.0 = Release|Any CPU
		{BCE281F2-D21A-435E-8B72-C32AAD3EA852}.Debug|Any CPU.ActiveCfg = Debug|Any CPU
		{BCE281F2-D21A-435E-8B72-C32AAD3EA852}.Debug|Any CPU.Build.0 = Debug|Any CPU
		{BCE281F2-D21A-435E-8B72-C32AAD3EA852}.Release|Any CPU.ActiveCfg = Release|Any CPU
		{BCE281F2-D21A-435E-8B72-C32AAD3EA852}.Release|Any CPU.Build.0 = Release|Any CPU
		{0F690D10-BF00-442E-83B7-02B4E8B52792}.Debug|Any CPU.ActiveCfg = Debug|Any CPU
		{0F690D10-BF00-442E-83B7-02B4E8B52792}.Debug|Any CPU.Build.0 = Debug|Any CPU
		{0F690D10-BF00-442E-83B7-02B4E8B52792}.Release|Any CPU.ActiveCfg = Release|Any CPU
		{0F690D10-BF00-442E-83B7-02B4E8B52792}.Release|Any CPU.Build.0 = Release|Any CPU
	EndGlobalSection
	GlobalSection(SolutionProperties) = preSolution
		HideSolutionNode = FALSE
	EndGlobalSection
EndGlobal
